
Microsoft Visual Studio Solution File, Format Version 12.00
# Visual Studio 15
VisualStudioVersion = 15.0.28307.645
MinimumVisualStudioVersion = 10.0.40219.1
Project("{9A19103F-16F7-4668-BE54-9A1E7A4F7556}") = "EppLib", "EppLib.csproj", "{24067FC1-33F6-428B-8E0E-74601A5354EA}"
EndProject
Project("{9A19103F-16F7-4668-BE54-9A1E7A4F7556}") = "EppLib.Tests", "..\EppLib.Tests\EppLib.Tests.csproj", "{B037131A-F558-4C96-8781-9E0CB1BBEF2E}"
EndProject
Project("{9A19103F-16F7-4668-BE54-9A1E7A4F7556}") = "EppLib.UnitTests", "..\EppLib.UnitTests\EppLib.UnitTests.csproj", "{31A88640-FDF7-46E1-83D7-C65000720EA4}"
EndProject
Global
	GlobalSection(SolutionConfigurationPlatforms) = preSolution
		Debug|Any CPU = Debug|Any CPU
		Debug|Mixed Platforms = Debug|Mixed Platforms
		Debug|x86 = Debug|x86
		Release|Any CPU = Release|Any CPU
		Release|Mixed Platforms = Release|Mixed Platforms
		Release|x86 = Release|x86
	EndGlobalSection
	GlobalSection(ProjectConfigurationPlatforms) = postSolution
		{24067FC1-33F6-428B-8E0E-74601A5354EA}.Debug|Any CPU.ActiveCfg = Debug|Any CPU
		{24067FC1-33F6-428B-8E0E-74601A5354EA}.Debug|Any CPU.Build.0 = Debug|Any CPU
		{24067FC1-33F6-428B-8E0E-74601A5354EA}.Debug|Mixed Platforms.ActiveCfg = Debug|Any CPU
		{24067FC1-33F6-428B-8E0E-74601A5354EA}.Debug|Mixed Platforms.Build.0 = Debug|Any CPU
		{24067FC1-33F6-428B-8E0E-74601A5354EA}.Debug|x86.ActiveCfg = Debug|Any CPU
		{24067FC1-33F6-428B-8E0E-74601A5354EA}.Release|Any CPU.ActiveCfg = Release|Any CPU
		{24067FC1-33F6-428B-8E0E-74601A5354EA}.Release|Any CPU.Build.0 = Release|Any CPU
		{24067FC1-33F6-428B-8E0E-74601A5354EA}.Release|Mixed Platforms.ActiveCfg = Release|Any CPU
		{24067FC1-33F6-428B-8E0E-74601A5354EA}.Release|Mixed Platforms.Build.0 = Release|Any CPU
		{24067FC1-33F6-428B-8E0E-74601A5354EA}.Release|x86.ActiveCfg = Release|Any CPU
		{B037131A-F558-4C96-8781-9E0CB1BBEF2E}.Debug|Any CPU.ActiveCfg = Debug|Any CPU
		{B037131A-F558-4C96-8781-9E0CB1BBEF2E}.Debug|Any CPU.Build.0 = Debug|Any CPU
		{B037131A-F558-4C96-8781-9E0CB1BBEF2E}.Debug|Mixed Platforms.ActiveCfg = Debug|Any CPU
		{B037131A-F558-4C96-8781-9E0CB1BBEF2E}.Debug|Mixed Platforms.Build.0 = Debug|Any CPU
		{B037131A-F558-4C96-8781-9E0CB1BBEF2E}.Debug|x86.ActiveCfg = Debug|Any CPU
		{B037131A-F558-4C96-8781-9E0CB1BBEF2E}.Debug|x86.Build.0 = Debug|Any CPU
		{B037131A-F558-4C96-8781-9E0CB1BBEF2E}.Release|Any CPU.ActiveCfg = Release|Any CPU
		{B037131A-F558-4C96-8781-9E0CB1BBEF2E}.Release|Any CPU.Build.0 = Release|Any CPU
		{B037131A-F558-4C96-8781-9E0CB1BBEF2E}.Release|Mixed Platforms.ActiveCfg = Release|Any CPU
		{B037131A-F558-4C96-8781-9E0CB1BBEF2E}.Release|Mixed Platforms.Build.0 = Release|Any CPU
		{B037131A-F558-4C96-8781-9E0CB1BBEF2E}.Release|x86.ActiveCfg = Release|Any CPU
		{B037131A-F558-4C96-8781-9E0CB1BBEF2E}.Release|x86.Build.0 = Release|Any CPU
		{31A88640-FDF7-46E1-83D7-C65000720EA4}.Debug|Any CPU.ActiveCfg = Debug|Any CPU
		{31A88640-FDF7-46E1-83D7-C65000720EA4}.Debug|Any CPU.Build.0 = Debug|Any CPU
		{31A88640-FDF7-46E1-83D7-C65000720EA4}.Debug|Mixed Platforms.ActiveCfg = Debug|Any CPU
		{31A88640-FDF7-46E1-83D7-C65000720EA4}.Debug|Mixed Platforms.Build.0 = Debug|Any CPU
		{31A88640-FDF7-46E1-83D7-C65000720EA4}.Debug|x86.ActiveCfg = Debug|Any CPU
		{31A88640-FDF7-46E1-83D7-C65000720EA4}.Release|Any CPU.ActiveCfg = Release|Any CPU
		{31A88640-FDF7-46E1-83D7-C65000720EA4}.Release|Any CPU.Build.0 = Release|Any CPU
		{31A88640-FDF7-46E1-83D7-C65000720EA4}.Release|Mixed Platforms.ActiveCfg = Release|Any CPU
		{31A88640-FDF7-46E1-83D7-C65000720EA4}.Release|Mixed Platforms.Build.0 = Release|Any CPU
		{31A88640-FDF7-46E1-83D7-C65000720EA4}.Release|x86.ActiveCfg = Release|Any CPU
	EndGlobalSection
	GlobalSection(SolutionProperties) = preSolution
		HideSolutionNode = FALSE
	EndGlobalSection
	GlobalSection(ExtensibilityGlobals) = postSolution
		SolutionGuid = {BFA464AD-E22B-4ACD-92BE-584C99AF82AB}
	EndGlobalSection
EndGlobal
